# This file was autogenerated by Stack.
# You should not edit this file by hand.
# For more information, please see the documentation at:
#   https://docs.haskellstack.org/en/stable/lock_files

packages:
- completed:
    hackage: pretty-simple-4.0.0.0@sha256:a65be4ef40734eae1da7a88c9b73dbf1848f5a60b634dc4776fae60cafc85386,4071
    pantry-tree:
      size: 1229
      sha256: dee251957a221350624b0f0ebbc3598dffc69310b94156e7c81f231d98311a6c
  original:
    hackage: pretty-simple-4.0.0.0
- completed:
    hackage: prettyprinter-1.7.0@sha256:6a9569e21fa61163a7f066d23d701e23e917893e8f39733d6e617ec72787ae5f,6007
    pantry-tree:
      size: 3194
      sha256: d22f820a1f63497f7fd7e1f04b7d356d92de35582258f6ad55428c88b09e63ff
  original:
    hackage: prettyprinter-1.7.0
snapshots:
- completed:
    size: 533053
    url: https://raw.githubusercontent.com/commercialhaskell/stackage-snapshots/master/lts/16/28.yaml
    sha256: a9c01d860ac8dfb3a1b6f7ec4a36dd9504a95392b89c99b0877da63fa36a8e97
  original: lts-16.28
